<?xml version="1.0" encoding="utf-8"?>
<Project ToolsVersion="4.0" xmlns="http://schemas.microsoft.com/developer/msbuild/2003">
  <ItemGroup>
    <Filter Include="Common">
      <UniqueIdentifier>6c9334a1-c09e-4936-9def-03963daf9051</UniqueIdentifier>
    </Filter>
    <Filter Include="Assets">
      <UniqueIdentifier>af612c47-31c2-4c3b-8cd3-cd3b372782e2</UniqueIdentifier>
      <Extensions>ico;cur;bmp;dds;dlg;fbx;rct;bin;rgs;gif;jpg;jpeg;jpe;resx;tga;tiff;tif;png;wav;mfcribbon-ms</Extensions>
    </Filter>
    <Filter Include="Debug">
      <UniqueIdentifier>{2b8f45e4-56cb-4b27-b763-b93be80600b4}</UniqueIdentifier>
    </Filter>
    <Filter Include="Base">
      <UniqueIdentifier>{1ff3ac95-a561-4b32-a0e9-8c89f7fdedd0}</UniqueIdentifier>
    </Filter>
    <Filter Include="Game">
      <UniqueIdentifier>{53eade71-ba8b-49ad-b27b-1f329793c810}</UniqueIdentifier>
    </Filter>
  </ItemGroup>
  <ItemGroup>
    <ClInclude Include="StepTimer.h">
      <Filter>Common</Filter>
    </ClInclude>
    <ClInclude Include="DeviceResources.h">
      <Filter>Common</Filter>
    </ClInclude>
    <ClInclude Include="DebugCamera.h">
      <Filter>Debug</Filter>
    </ClInclude>
    <ClInclude Include="GridFloor.h">
      <Filter>Debug</Filter>
    </ClInclude>
    <ClInclude Include="Game.h">
      <Filter>Base</Filter>
    </ClInclude>
    <ClInclude Include="pch.h">
      <Filter>Base</Filter>
    </ClInclude>
    <ClInclude Include="GameContext.h">
      <Filter>Game</Filter>
    </ClInclude>
    <ClInclude Include="GameObject.h">
      <Filter>Game</Filter>
    </ClInclude>
    <ClInclude Include="GameObjectContainer.h">
      <Filter>Game</Filter>
    </ClInclude>
    <ClInclude Include="MyGame.h">
      <Filter>Game</Filter>
    </ClInclude>
    <ClInclude Include="Transform.h">
      <Filter>Game</Filter>
    </ClInclude>
  </ItemGroup>
  <ItemGroup>
    <ClCompile Include="DeviceResources.cpp">
      <Filter>Common</Filter>
    </ClCompile>
    <ClCompile Include="DebugCamera.cpp">
      <Filter>Debug</Filter>
    </ClCompile>
    <ClCompile Include="GridFloor.cpp">
      <Filter>Debug</Filter>
    </ClCompile>
    <ClCompile Include="Game.cpp">
      <Filter>Base</Filter>
    </ClCompile>
    <ClCompile Include="Main.cpp">
      <Filter>Base</Filter>
    </ClCompile>
    <ClCompile Include="pch.cpp">
      <Filter>Base</Filter>
    </ClCompile>
    <ClCompile Include="GameObjectContainer.cpp">
      <Filter>Game</Filter>
    </ClCompile>
    <ClCompile Include="MyGame.cpp">
      <Filter>Game</Filter>
    </ClCompile>
    <ClCompile Include="Transform.cpp">
      <Filter>Game</Filter>
    </ClCompile>
  </ItemGroup>
  <ItemGroup>
    <Image Include="directx.ico">
      <Filter>Assets</Filter>
    </Image>
  </ItemGroup>
  <ItemGroup>
    <Manifest Include="settings.manifest">
      <Filter>Assets</Filter>
    </Manifest>
  </ItemGroup>
  <ItemGroup>
    <ResourceCompile Include="resource.rc">
      <Filter>Assets</Filter>
    </ResourceCompile>
  </ItemGroup>
  <ItemGroup>
    <MeshContentTask Include="shadow.FBX">
      <Filter>Assets</Filter>
    </MeshContentTask>
    <MeshContentTask Include="skydoom.FBX">
      <Filter>Assets</Filter>
    </MeshContentTask>
    <MeshContentTask Include="floor.FBX">
      <Filter>Assets</Filter>
    </MeshContentTask>
    <MeshContentTask Include="plane.FBX">
      <Filter>Assets</Filter>
    </MeshContentTask>
  </ItemGroup>
</Project>